
Microsoft Visual Studio Solution File, Format Version 12.00
# Visual Studio Version 17
VisualStudioVersion = 17.0.31512.422
MinimumVisualStudioVersion = 10.0.40219.1
Project("{2150E333-8FDC-42A3-9474-1A3956D46DE8}") = "src", "src", "{0B71158B-576B-4498-9D40-141D554D1272}"
EndProject
Project("{2150E333-8FDC-42A3-9474-1A3956D46DE8}") = "src-examples", "src-examples", "{38805E90-A955-4097-97DC-537F7A0CD773}"
EndProject
Project("{2150E333-8FDC-42A3-9474-1A3956D46DE8}") = "Solution Items", "Solution Items", "{56142EC5-9C2F-4055-A9C8-40F80A6595D6}"
	ProjectSection(SolutionItems) = preProject
		README.md = README.md
	EndProjectSection
EndProject
Project("{2150E333-8FDC-42A3-9474-1A3956D46DE8}") = "tests", "tests", "{BDD6F175-13B7-48A1-BFFF-9ABAFF34A10D}"
EndProject
Project("{9A19103F-16F7-4668-BE54-9A1E7A4F7556}") = "FluentBuilderGenerator", "src\FluentBuilderGenerator\FluentBuilderGenerator.csproj", "{C96045A0-BC9E-4140-95B1-D2E29964975B}"
EndProject
Project("{9A19103F-16F7-4668-BE54-9A1E7A4F7556}") = "BuilderConsumer", "src-examples\BuilderConsumer\BuilderConsumer.csproj", "{62B938AC-8830-4F77-8DD9-CE0B927EC8B9}"
EndProject
Global
	GlobalSection(SolutionConfigurationPlatforms) = preSolution
		Debug|Any CPU = Debug|Any CPU
		Release|Any CPU = Release|Any CPU
	EndGlobalSection
	GlobalSection(ProjectConfigurationPlatforms) = postSolution
		{C96045A0-BC9E-4140-95B1-D2E29964975B}.Debug|Any CPU.ActiveCfg = Debug|Any CPU
		{C96045A0-BC9E-4140-95B1-D2E29964975B}.Debug|Any CPU.Build.0 = Debug|Any CPU
		{C96045A0-BC9E-4140-95B1-D2E29964975B}.Release|Any CPU.ActiveCfg = Release|Any CPU
		{C96045A0-BC9E-4140-95B1-D2E29964975B}.Release|Any CPU.Build.0 = Release|Any CPU
		{62B938AC-8830-4F77-8DD9-CE0B927EC8B9}.Debug|Any CPU.ActiveCfg = Debug|Any CPU
		{62B938AC-8830-4F77-8DD9-CE0B927EC8B9}.Debug|Any CPU.Build.0 = Debug|Any CPU
		{62B938AC-8830-4F77-8DD9-CE0B927EC8B9}.Release|Any CPU.ActiveCfg = Release|Any CPU
		{62B938AC-8830-4F77-8DD9-CE0B927EC8B9}.Release|Any CPU.Build.0 = Release|Any CPU
	EndGlobalSection
	GlobalSection(SolutionProperties) = preSolution
		HideSolutionNode = FALSE
	EndGlobalSection
	GlobalSection(NestedProjects) = preSolution
		{C96045A0-BC9E-4140-95B1-D2E29964975B} = {0B71158B-576B-4498-9D40-141D554D1272}
		{62B938AC-8830-4F77-8DD9-CE0B927EC8B9} = {38805E90-A955-4097-97DC-537F7A0CD773}
	EndGlobalSection
	GlobalSection(ExtensibilityGlobals) = postSolution
		SolutionGuid = {3586BB89-A981-4CD0-88DB-2DF513FE2B90}
	EndGlobalSection
EndGlobal
